// !$*UTF8*$!
{
	archiveVersion = 1;
	classes = {
	};
	objectVersion = 77;
	objects = {

/* Begin PBXContainerItemProxy section */
		AC355C182DEAE645007A224F /* PBXContainerItemProxy */ = {
			isa = PBXContainerItemProxy;
			containerPortal = AC3556542DE9CACF007A224F /* Project object */;
			proxyType = 1;
			remoteGlobalIDString = AC35565B2DE9CACF007A224F;
			remoteInfo = UbiPod;
		};
/* End PBXContainerItemProxy section */

/* Begin PBXFileReference section */
		AC35565C2DE9CACF007A224F /* UbiPod.app */ = {isa = PBXFileReference; explicitFileType = wrapper.application; includeInIndex = 0; path = UbiPod.app; sourceTree = BUILT_PRODUCTS_DIR; };
		AC355C142DEAE645007A224F /* UbiPodTests.xctest */ = {isa = PBXFileReference; explicitFileType = wrapper.cfbundle; includeInIndex = 0; path = UbiPodTests.xctest; sourceTree = BUILT_PRODUCTS_DIR; };
/* End PBXFileReference section */

/* Begin PBXFileSystemSynchronizedRootGroup section */
		AC35565E2DE9CACF007A224F /* UbiPod */ = {
			isa = PBXFileSystemSynchronizedRootGroup;
			path = UbiPod;
			sourceTree = "<group>";
		};
		AC355C152DEAE645007A224F /* UbiPodTests */ = {
			isa = PBXFileSystemSynchronizedRootGroup;
			path = UbiPodTests;
			sourceTree = "<group>";
		};
/* End PBXFileSystemSynchronizedRootGroup section */

/* Begin PBXFrameworksBuildPhase section */
		AC3556592DE9CACF007A224F /* Frameworks */ = {
			isa = PBXFrameworksBuildPhase;
			buildActionMask = 2147483647;
			files = (
			);
			runOnlyForDeploymentPostprocessing = 0;
		};
		AC355C112DEAE645007A224F /* Frameworks */ = {
			isa = PBXFrameworksBuildPhase;
			buildActionMask = 2147483647;
			files = (
			);
			runOnlyForDeploymentPostprocessing = 0;
		};
/* End PBXFrameworksBuildPhase section */

/* Begin PBXGroup section */
		AC3556532DE9CACF007A224F = {
			isa = PBXGroup;
			children = (
				AC35565E2DE9CACF007A224F /* UbiPod */,
				AC355C152DEAE645007A224F /* UbiPodTests */,
				AC35565D2DE9CACF007A224F /* Products */,
			);
			sourceTree = "<group>";
		};
		AC35565D2DE9CACF007A224F /* Products */ = {
			isa = PBXGroup;
			children = (
				AC35565C2DE9CACF007A224F /* UbiPod.app */,
				AC355C142DEAE645007A224F /* UbiPodTests.xctest */,
			);
			name = Products;
			sourceTree = "<group>";
		};
/* End PBXGroup section */

/* Begin PBXNativeTarget section */
		AC35565B2DE9CACF007A224F /* UbiPod */ = {
			isa = PBXNativeTarget;
			buildConfigurationList = AC3556672DE9CAD2007A224F /* Build configuration list for PBXNativeTarget "UbiPod" */;
			buildPhases = (
				AC3556582DE9CACF007A224F /* Sources */,
				AC3556592DE9CACF007A224F /* Frameworks */,
				AC35565A2DE9CACF007A224F /* Resources */,
			);
			buildRules = (
			);
			dependencies = (
			);
			fileSystemSynchronizedGroups = (
				AC35565E2DE9CACF007A224F /* UbiPod */,
			);
			name = UbiPod;
			packageProductDependencies = (
			);
			productName = UbiPod;
			productReference = AC35565C2DE9CACF007A224F /* UbiPod.app */;
			productType = "com.apple.product-type.application";
		};
		AC355C132DEAE645007A224F /* UbiPodTests */ = {
			isa = PBXNativeTarget;
			buildConfigurationList = AC355C1A2DEAE645007A224F /* Build configuration list for PBXNativeTarget "UbiPodTests" */;
			buildPhases = (
				AC355C102DEAE645007A224F /* Sources */,
				AC355C112DEAE645007A224F /* Frameworks */,
				AC355C122DEAE645007A224F /* Resources */,
			);
			buildRules = (
			);
			dependencies = (
				AC355C192DEAE645007A224F /* PBXTargetDependency */,
			);
			fileSystemSynchronizedGroups = (
				AC355C152DEAE645007A224F /* UbiPodTests */,
			);
			name = UbiPodTests;
			packageProductDependencies = (
			);
			productName = UbiPodTests;
			productReference = AC355C142DEAE645007A224F /* UbiPodTests.xctest */;
			productType = "com.apple.product-type.bundle.unit-test";
		};
/* End PBXNativeTarget section */

/* Begin PBXProject section */
		AC3556542DE9CACF007A224F /* Project object */ = {
			isa = PBXProject;
			attributes = {
				BuildIndependentTargetsInParallel = 1;
				LastSwiftUpdateCheck = 1630;
				LastUpgradeCheck = 1630;
				TargetAttributes = {
					AC35565B2DE9CACF007A224F = {
						CreatedOnToolsVersion = 16.3;
					};
					AC355C132DEAE645007A224F = {
						CreatedOnToolsVersion = 16.3;
						TestTargetID = AC35565B2DE9CACF007A224F;
					};
				};
			};
			buildConfigurationList = AC3556572DE9CACF007A224F /* Build configuration list for PBXProject "UbiPod" */;
			developmentRegion = en;
			hasScannedForEncodings = 0;
			knownRegions = (
				en,
				Base,
			);
			mainGroup = AC3556532DE9CACF007A224F;
			minimizedProjectReferenceProxies = 1;
			preferredProjectObjectVersion = 77;
			productRefGroup = AC35565D2DE9CACF007A224F /* Products */;
			projectDirPath = "";
			projectRoot = "";
			targets = (
				AC35565B2DE9CACF007A224F /* UbiPod */,
				AC355C132DEAE645007A224F /* UbiPodTests */,
			);
		};
/* End PBXProject section */

/* Begin PBXResourcesBuildPhase section */
		AC35565A2DE9CACF007A224F /* Resources */ = {
			isa = PBXResourcesBuildPhase;
			buildActionMask = 2147483647;
			files = (
			);
			runOnlyForDeploymentPostprocessing = 0;
		};
		AC355C122DEAE645007A224F /* Resources */ = {
			isa = PBXResourcesBuildPhase;
			buildActionMask = 2147483647;
			files = (
			);
			runOnlyForDeploymentPostprocessing = 0;
		};
/* End PBXResourcesBuildPhase section */

/* Begin PBXSourcesBuildPhase section */
		AC3556582DE9CACF007A224F /* Sources */ = {
			isa = PBXSourcesBuildPhase;
			buildActionMask = 2147483647;
			files = (
			);
			runOnlyForDeploymentPostprocessing = 0;
		};
		AC355C102DEAE645007A224F /* Sources */ = {
			isa = PBXSourcesBuildPhase;
			buildActionMask = 2147483647;
			files = (
			);
			runOnlyForDeploymentPostprocessing = 0;
		};
/* End PBXSourcesBuildPhase section */

/* Begin PBXTargetDependency section */
		AC355C192DEAE645007A224F /* PBXTargetDependency */ = {
			isa = PBXTargetDependency;
			target = AC35565B2DE9CACF007A224F /* UbiPod */;
			targetProxy = AC355C182DEAE645007A224F /* PBXContainerItemProxy */;
		};
/* End PBXTargetDependency section */

/* Begin XCBuildConfiguration section */
		AC3556652DE9CAD2007A224F /* Debug */ = {
			isa = XCBuildConfiguration;
			baseConfigurationReferenceAnchor = AC35565E2DE9CACF007A224F /* UbiPod */;
			baseConfigurationReferenceRelativePath = Configurations/Project.xcconfig;
			buildSettings = {
				DEVELOPMENT_TEAM = 6Q85CZHVDW;
			};
			name = Debug;
		};
		AC3556662DE9CAD2007A224F /* Release */ = {
			isa = XCBuildConfiguration;
			baseConfigurationReferenceAnchor = AC35565E2DE9CACF007A224F /* UbiPod */;
			baseConfigurationReferenceRelativePath = Configurations/Project.xcconfig;
			buildSettings = {
				DEVELOPMENT_TEAM = 6Q85CZHVDW;
			};
			name = Release;
		};
		AC3556682DE9CAD2007A224F /* Debug */ = {
			isa = XCBuildConfiguration;
			baseConfigurationReferenceAnchor = AC35565E2DE9CACF007A224F /* UbiPod */;
			baseConfigurationReferenceRelativePath = Configurations/Debug.xcconfig;
			buildSettings = {
			};
			name = Debug;
		};
		AC3556692DE9CAD2007A224F /* Release */ = {
			isa = XCBuildConfiguration;
			buildSettings = {
			};
			name = Release;
		};
		AC355C1B2DEAE645007A224F /* Debug */ = {
			isa = XCBuildConfiguration;
			baseConfigurationReferenceAnchor = AC35565E2DE9CACF007A224F /* UbiPod */;
			baseConfigurationReferenceRelativePath = Configurations/Tests.xcconfig;
			buildSettings = {
			};
			name = Debug;
		};
		AC355C1C2DEAE645007A224F /* Release */ = {
			isa = XCBuildConfiguration;
			buildSettings = {
			};
			name = Release;
		};
/* End XCBuildConfiguration section */

/* Begin XCConfigurationList section */
		AC3556572DE9CACF007A224F /* Build configuration list for PBXProject "UbiPod" */ = {
			isa = XCConfigurationList;
			buildConfigurations = (
				AC3556652DE9CAD2007A224F /* Debug */,
				AC3556662DE9CAD2007A224F /* Release */,
			);
			defaultConfigurationIsVisible = 0;
			defaultConfigurationName = Release;
		};
		AC3556672DE9CAD2007A224F /* Build configuration list for PBXNativeTarget "UbiPod" */ = {
			isa = XCConfigurationList;
			buildConfigurations = (
				AC3556682DE9CAD2007A224F /* Debug */,
				AC3556692DE9CAD2007A224F /* Release */,
			);
			defaultConfigurationIsVisible = 0;
			defaultConfigurationName = Release;
		};
		AC355C1A2DEAE645007A224F /* Build configuration list for PBXNativeTarget "UbiPodTests" */ = {
			isa = XCConfigurationList;
			buildConfigurations = (
				AC355C1B2DEAE645007A224F /* Debug */,
				AC355C1C2DEAE645007A224F /* Release */,
			);
			defaultConfigurationIsVisible = 0;
			defaultConfigurationName = Release;
		};
/* End XCConfigurationList section */
	};
	rootObject = AC3556542DE9CACF007A224F /* Project object */;
}
